Microsoft Visual Studio Solution File, Format Version 11.00
# Visual Studio 2008

Project("{73B1BF51-8656-2FAD-7F43-F239E5DA9706}") = "day02", "Assembly-CSharp-firstpass.csproj", "{2BDBC753-CD5A-A16E-3FE0-B7150DABD99D}"
EndProject
Project("{73B1BF51-8656-2FAD-7F43-F239E5DA9706}") = "day02", "Assembly-CSharp.csproj", "{0C629EF1-01B8-05E2-391C-D2CCA76EF7C4}"
EndProject
Project("{73B1BF51-8656-2FAD-7F43-F239E5DA9706}") = "day02", "Assembly-CSharp-Editor.csproj", "{EAF1FB6D-2FCC-9EA1-1AAD-36F21DC8ED55}"
EndProject
Project("{73B1BF51-8656-2FAD-7F43-F239E5DA9706}") = "day02", "Assembly-UnityScript-firstpass.unityproj", "{732064F8-01C8-44B9-016F-92923C07F3A8}"
EndProject
Project("{73B1BF51-8656-2FAD-7F43-F239E5DA9706}") = "day02", "Assembly-UnityScript.unityproj", "{733B6F84-E5E4-5076-56B0-62D5221DF877}"
EndProject
Project("{73B1BF51-8656-2FAD-7F43-F239E5DA9706}") = "day02", "Assembly-UnityScript-Editor.unityproj", "{D96436A1-88CF-750D-470C-6664A251D246}"
EndProject
Global
	GlobalSection(SolutionConfigurationPlatforms) = preSolution
		Debug|Any CPU = Debug|Any CPU
		Release|Any CPU = Release|Any CPU
	EndGlobalSection
	GlobalSection(ProjectConfigurationPlatforms) = postSolution
		{2BDBC753-CD5A-A16E-3FE0-B7150DABD99D}.Debug|Any CPU.ActiveCfg = Debug|Any CPU
		{2BDBC753-CD5A-A16E-3FE0-B7150DABD99D}.Debug|Any CPU.Build.0 = Debug|Any CPU
		{2BDBC753-CD5A-A16E-3FE0-B7150DABD99D}.Release|Any CPU.ActiveCfg = Release|Any CPU
		{2BDBC753-CD5A-A16E-3FE0-B7150DABD99D}.Release|Any CPU.Build.0 = Release|Any CPU
		{0C629EF1-01B8-05E2-391C-D2CCA76EF7C4}.Debug|Any CPU.ActiveCfg = Debug|Any CPU
		{0C629EF1-01B8-05E2-391C-D2CCA76EF7C4}.Debug|Any CPU.Build.0 = Debug|Any CPU
		{0C629EF1-01B8-05E2-391C-D2CCA76EF7C4}.Release|Any CPU.ActiveCfg = Release|Any CPU
		{0C629EF1-01B8-05E2-391C-D2CCA76EF7C4}.Release|Any CPU.Build.0 = Release|Any CPU
		{EAF1FB6D-2FCC-9EA1-1AAD-36F21DC8ED55}.Debug|Any CPU.ActiveCfg = Debug|Any CPU
		{EAF1FB6D-2FCC-9EA1-1AAD-36F21DC8ED55}.Debug|Any CPU.Build.0 = Debug|Any CPU
		{EAF1FB6D-2FCC-9EA1-1AAD-36F21DC8ED55}.Release|Any CPU.ActiveCfg = Release|Any CPU
		{EAF1FB6D-2FCC-9EA1-1AAD-36F21DC8ED55}.Release|Any CPU.Build.0 = Release|Any CPU
		{732064F8-01C8-44B9-016F-92923C07F3A8}.Debug|Any CPU.ActiveCfg = Debug|Any CPU
		{732064F8-01C8-44B9-016F-92923C07F3A8}.Debug|Any CPU.Build.0 = Debug|Any CPU
		{732064F8-01C8-44B9-016F-92923C07F3A8}.Release|Any CPU.ActiveCfg = Release|Any CPU
		{732064F8-01C8-44B9-016F-92923C07F3A8}.Release|Any CPU.Build.0 = Release|Any CPU
		{733B6F84-E5E4-5076-56B0-62D5221DF877}.Debug|Any CPU.ActiveCfg = Debug|Any CPU
		{733B6F84-E5E4-5076-56B0-62D5221DF877}.Debug|Any CPU.Build.0 = Debug|Any CPU
		{733B6F84-E5E4-5076-56B0-62D5221DF877}.Release|Any CPU.ActiveCfg = Release|Any CPU
		{733B6F84-E5E4-5076-56B0-62D5221DF877}.Release|Any CPU.Build.0 = Release|Any CPU
		{D96436A1-88CF-750D-470C-6664A251D246}.Debug|Any CPU.ActiveCfg = Debug|Any CPU
		{D96436A1-88CF-750D-470C-6664A251D246}.Debug|Any CPU.Build.0 = Debug|Any CPU
		{D96436A1-88CF-750D-470C-6664A251D246}.Release|Any CPU.ActiveCfg = Release|Any CPU
		{D96436A1-88CF-750D-470C-6664A251D246}.Release|Any CPU.Build.0 = Release|Any CPU
	EndGlobalSection
	GlobalSection(SolutionProperties) = preSolution
		HideSolutionNode = FALSE
	EndGlobalSection
																																																																																																																																	GlobalSection(MonoDevelopProperties) = preSolution
		StartupItem = Assembly-CSharp.csproj
		Policies = $0
		$0.TextStylePolicy = $1
		$1.inheritsSet = null
		$1.scope = text/x-csharp
		$0.CSharpFormattingPolicy = $2
		$2.inheritsSet = Mono
		$2.inheritsScope = text/x-csharp
		$2.scope = text/x-csharp
		$0.TextStylePolicy = $3
		$3.FileWidth = 120
		$3.TabWidth = 4
		$3.EolMarker = Unix
		$3.inheritsSet = Mono
		$3.inheritsScope = text/plain
		$3.scope = text/plain
	EndGlobalSection

EndGlobal
